{
  "name": "sample-test",
  "version": "1.0.0",
  "lockfileVersion": 3,
  "requires": true,
  "packages": {
    "": {
      "name": "sample-test",
      "version": "1.0.0",
      "license": "ISC",
      "dependencies": {
        "sample-package": "file:../sample-package"
      }
    },
    "../sample-package": {
      "version": "1.0.0",
      "license": "ISC"
    },
    "node_modules/sample-package": {
      "resolved": "../sample-package",
      "link": true
    }
  }
}
